
<<<<<<< HEAD
Microsoft Visual Studio Solution File, Format Version 11.00
# Visual Studio 2010
Project("{FAE04EC0-301F-11D3-BF4B-00C04F79EFBC}") = "UnityEngine.TestRunner", "UnityEngine.TestRunner.csproj", "{B1137BD8-6578-304F-EEF6-06B622F8812C}"
EndProject
Project("{FAE04EC0-301F-11D3-BF4B-00C04F79EFBC}") = "Unity.2D.Animation.Triangle.Runtime", "Unity.2D.Animation.Triangle.Runtime.csproj", "{CEB109FD-AD6E-B384-341B-828C3C244AAE}"
EndProject
Project("{FAE04EC0-301F-11D3-BF4B-00C04F79EFBC}") = "UnityEngine.UI", "UnityEngine.UI.csproj", "{8BE7D6B0-29DA-D457-F4BF-E06A4BD601BF}"
EndProject
Project("{FAE04EC0-301F-11D3-BF4B-00C04F79EFBC}") = "Unity.TextMeshPro", "Unity.TextMeshPro.csproj", "{17A7E980-8F78-F05B-BB90-F07A82746E2D}"
EndProject
Project("{FAE04EC0-301F-11D3-BF4B-00C04F79EFBC}") = "Unity.2D.Animation.Runtime", "Unity.2D.Animation.Runtime.csproj", "{279C8158-9232-DA9B-B263-1CE71D59C8AF}"
EndProject
Project("{FAE04EC0-301F-11D3-BF4B-00C04F79EFBC}") = "Unity.Timeline", "Unity.Timeline.csproj", "{BA95A25E-2DDB-E224-B745-97E735CDBB0B}"
EndProject
Project("{FAE04EC0-301F-11D3-BF4B-00C04F79EFBC}") = "Unity.Mathematics", "Unity.Mathematics.csproj", "{42AC13B5-1BC3-738F-866C-66CCC0A89900}"
EndProject
Project("{FAE04EC0-301F-11D3-BF4B-00C04F79EFBC}") = "Unity.2D.SpriteShape.Runtime", "Unity.2D.SpriteShape.Runtime.csproj", "{62EA00D8-EBE2-66B1-A76A-B434CC11AE2F}"
EndProject
=======
Microsoft Visual Studio Solution File, Format Version 12.00
# Visual Studio 15
>>>>>>> d994cd007ff4b7c2b6ea41337d0211871bbd2607
Project("{FAE04EC0-301F-11D3-BF4B-00C04F79EFBC}") = "Assembly-CSharp", "Assembly-CSharp.csproj", "{EB1DE711-FF18-CBA0-A64A-07334A376EF5}"
EndProject
Project("{FAE04EC0-301F-11D3-BF4B-00C04F79EFBC}") = "Unity.2D.PixelPerfect", "Unity.2D.PixelPerfect.csproj", "{EABD7EE9-5865-4B73-D81D-9793CD9F00D6}"
EndProject
Project("{FAE04EC0-301F-11D3-BF4B-00C04F79EFBC}") = "Unity.InternalAPIEngineBridge.001", "Unity.InternalAPIEngineBridge.001.csproj", "{CC95970D-4D1B-106E-1340-4BDBD838767D}"
EndProject
Project("{FAE04EC0-301F-11D3-BF4B-00C04F79EFBC}") = "Unity.2D.Common.Runtime", "Unity.2D.Common.Runtime.csproj", "{8D9B0E98-FBBC-5DAC-C132-88BCC02170B5}"
EndProject
Project("{FAE04EC0-301F-11D3-BF4B-00C04F79EFBC}") = "UnityEditor.TestRunner", "UnityEditor.TestRunner.csproj", "{5C514FC9-85B7-AD14-B485-1CA358472FDC}"
EndProject
Project("{FAE04EC0-301F-11D3-BF4B-00C04F79EFBC}") = "Unity.TextMeshPro.Editor", "Unity.TextMeshPro.Editor.csproj", "{957A084F-4FD9-42F6-092E-AAC18F28D07B}"
EndProject
Project("{FAE04EC0-301F-11D3-BF4B-00C04F79EFBC}") = "Unity.Timeline.Editor", "Unity.Timeline.Editor.csproj", "{8B33D365-40F8-BBD4-30CF-0B120AE5FA33}"
EndProject
Project("{FAE04EC0-301F-11D3-BF4B-00C04F79EFBC}") = "Unity.2D.Animation.Editor", "Unity.2D.Animation.Editor.csproj", "{E1AB1094-AFB4-7899-F780-0ABD3878C479}"
EndProject
Project("{FAE04EC0-301F-11D3-BF4B-00C04F79EFBC}") = "Unity.2D.Path.Editor", "Unity.2D.Path.Editor.csproj", "{BA55C252-6B0D-3CAC-49F0-48BF9EA95A0F}"
EndProject
Project("{FAE04EC0-301F-11D3-BF4B-00C04F79EFBC}") = "Unity.2D.Sprite.Editor", "Unity.2D.Sprite.Editor.csproj", "{6FB1247F-F557-CC75-D4FF-02A131F93986}"
EndProject
Project("{FAE04EC0-301F-11D3-BF4B-00C04F79EFBC}") = "UnityEditor.UI", "UnityEditor.UI.csproj", "{4040C81C-0E11-09F8-D0E1-F2EB4C96C2F6}"
EndProject
Project("{FAE04EC0-301F-11D3-BF4B-00C04F79EFBC}") = "Unity.Rider.Editor", "Unity.Rider.Editor.csproj", "{C4F6D4D5-866A-0420-9E12-08038C102035}"
EndProject
Project("{FAE04EC0-301F-11D3-BF4B-00C04F79EFBC}") = "Unity.2D.Tilemap.Editor", "Unity.2D.Tilemap.Editor.csproj", "{8C30E38C-B516-B6A6-E026-9CE7FA32CC78}"
EndProject
Project("{FAE04EC0-301F-11D3-BF4B-00C04F79EFBC}") = "Unity.2D.SpriteShape.Editor", "Unity.2D.SpriteShape.Editor.csproj", "{9BFBD141-9AFE-537E-F0E2-F30234A46867}"
EndProject
Project("{FAE04EC0-301F-11D3-BF4B-00C04F79EFBC}") = "PsdPlugin", "PsdPlugin.csproj", "{8C065761-67D4-3A89-C7ED-FBA16AFB4857}"
EndProject
Project("{FAE04EC0-301F-11D3-BF4B-00C04F79EFBC}") = "Unity.CollabProxy.Editor", "Unity.CollabProxy.Editor.csproj", "{758AB851-E71D-5D46-26B0-E523083AA0B0}"
EndProject
Project("{FAE04EC0-301F-11D3-BF4B-00C04F79EFBC}") = "Unity.2D.Common.Editor", "Unity.2D.Common.Editor.csproj", "{95C75197-BE90-DD84-0DCD-FE1F7B4165F4}"
EndProject
Project("{FAE04EC0-301F-11D3-BF4B-00C04F79EFBC}") = "Unity.VSCode.Editor", "Unity.VSCode.Editor.csproj", "{09F2D0D6-5C9C-2BB5-7554-05C11DB4192F}"
EndProject
Project("{FAE04EC0-301F-11D3-BF4B-00C04F79EFBC}") = "Unity.2D.Psdimporter.Editor", "Unity.2D.Psdimporter.Editor.csproj", "{52A6F834-26D9-08A6-074B-AA8B2A06E3C2}"
EndProject
Project("{FAE04EC0-301F-11D3-BF4B-00C04F79EFBC}") = "Unity.2D.PixelPerfect.Editor", "Unity.2D.PixelPerfect.Editor.csproj", "{72695D9B-8FB1-953E-9813-33E3AF26A258}"
EndProject
Project("{FAE04EC0-301F-11D3-BF4B-00C04F79EFBC}") = "Unity.Mathematics.Editor", "Unity.Mathematics.Editor.csproj", "{5381DBCB-AB65-33CB-B2E9-64C121B2FBEC}"
EndProject
Project("{FAE04EC0-301F-11D3-BF4B-00C04F79EFBC}") = "Unity.InternalAPIEditorBridge.001", "Unity.InternalAPIEditorBridge.001.csproj", "{280F4F79-6411-3079-AACB-7C7353FDCC71}"
EndProject
Global
	GlobalSection(SolutionConfigurationPlatforms) = preSolution
		Debug|Any CPU = Debug|Any CPU
		Release|Any CPU = Release|Any CPU
	EndGlobalSection
	GlobalSection(ProjectConfigurationPlatforms) = postSolution
		{B1137BD8-6578-304F-EEF6-06B622F8812C}.Debug|Any CPU.ActiveCfg = Debug|Any CPU
		{B1137BD8-6578-304F-EEF6-06B622F8812C}.Debug|Any CPU.Build.0 = Debug|Any CPU
		{B1137BD8-6578-304F-EEF6-06B622F8812C}.Release|Any CPU.ActiveCfg = Release|Any CPU
		{B1137BD8-6578-304F-EEF6-06B622F8812C}.Release|Any CPU.Build.0 = Release|Any CPU
		{CEB109FD-AD6E-B384-341B-828C3C244AAE}.Debug|Any CPU.ActiveCfg = Debug|Any CPU
		{CEB109FD-AD6E-B384-341B-828C3C244AAE}.Debug|Any CPU.Build.0 = Debug|Any CPU
		{CEB109FD-AD6E-B384-341B-828C3C244AAE}.Release|Any CPU.ActiveCfg = Release|Any CPU
		{CEB109FD-AD6E-B384-341B-828C3C244AAE}.Release|Any CPU.Build.0 = Release|Any CPU
		{8BE7D6B0-29DA-D457-F4BF-E06A4BD601BF}.Debug|Any CPU.ActiveCfg = Debug|Any CPU
		{8BE7D6B0-29DA-D457-F4BF-E06A4BD601BF}.Debug|Any CPU.Build.0 = Debug|Any CPU
		{8BE7D6B0-29DA-D457-F4BF-E06A4BD601BF}.Release|Any CPU.ActiveCfg = Release|Any CPU
		{8BE7D6B0-29DA-D457-F4BF-E06A4BD601BF}.Release|Any CPU.Build.0 = Release|Any CPU
		{17A7E980-8F78-F05B-BB90-F07A82746E2D}.Debug|Any CPU.ActiveCfg = Debug|Any CPU
		{17A7E980-8F78-F05B-BB90-F07A82746E2D}.Debug|Any CPU.Build.0 = Debug|Any CPU
		{17A7E980-8F78-F05B-BB90-F07A82746E2D}.Release|Any CPU.ActiveCfg = Release|Any CPU
		{17A7E980-8F78-F05B-BB90-F07A82746E2D}.Release|Any CPU.Build.0 = Release|Any CPU
		{279C8158-9232-DA9B-B263-1CE71D59C8AF}.Debug|Any CPU.ActiveCfg = Debug|Any CPU
		{279C8158-9232-DA9B-B263-1CE71D59C8AF}.Debug|Any CPU.Build.0 = Debug|Any CPU
		{279C8158-9232-DA9B-B263-1CE71D59C8AF}.Release|Any CPU.ActiveCfg = Release|Any CPU
		{279C8158-9232-DA9B-B263-1CE71D59C8AF}.Release|Any CPU.Build.0 = Release|Any CPU
		{BA95A25E-2DDB-E224-B745-97E735CDBB0B}.Debug|Any CPU.ActiveCfg = Debug|Any CPU
		{BA95A25E-2DDB-E224-B745-97E735CDBB0B}.Debug|Any CPU.Build.0 = Debug|Any CPU
		{BA95A25E-2DDB-E224-B745-97E735CDBB0B}.Release|Any CPU.ActiveCfg = Release|Any CPU
		{BA95A25E-2DDB-E224-B745-97E735CDBB0B}.Release|Any CPU.Build.0 = Release|Any CPU
		{42AC13B5-1BC3-738F-866C-66CCC0A89900}.Debug|Any CPU.ActiveCfg = Debug|Any CPU
		{42AC13B5-1BC3-738F-866C-66CCC0A89900}.Debug|Any CPU.Build.0 = Debug|Any CPU
		{42AC13B5-1BC3-738F-866C-66CCC0A89900}.Release|Any CPU.ActiveCfg = Release|Any CPU
		{42AC13B5-1BC3-738F-866C-66CCC0A89900}.Release|Any CPU.Build.0 = Release|Any CPU
		{62EA00D8-EBE2-66B1-A76A-B434CC11AE2F}.Debug|Any CPU.ActiveCfg = Debug|Any CPU
		{62EA00D8-EBE2-66B1-A76A-B434CC11AE2F}.Debug|Any CPU.Build.0 = Debug|Any CPU
		{62EA00D8-EBE2-66B1-A76A-B434CC11AE2F}.Release|Any CPU.ActiveCfg = Release|Any CPU
		{62EA00D8-EBE2-66B1-A76A-B434CC11AE2F}.Release|Any CPU.Build.0 = Release|Any CPU
		{EB1DE711-FF18-CBA0-A64A-07334A376EF5}.Debug|Any CPU.ActiveCfg = Debug|Any CPU
		{EB1DE711-FF18-CBA0-A64A-07334A376EF5}.Debug|Any CPU.Build.0 = Debug|Any CPU
		{EB1DE711-FF18-CBA0-A64A-07334A376EF5}.Release|Any CPU.ActiveCfg = Release|Any CPU
		{EB1DE711-FF18-CBA0-A64A-07334A376EF5}.Release|Any CPU.Build.0 = Release|Any CPU
		{EABD7EE9-5865-4B73-D81D-9793CD9F00D6}.Debug|Any CPU.ActiveCfg = Debug|Any CPU
		{EABD7EE9-5865-4B73-D81D-9793CD9F00D6}.Debug|Any CPU.Build.0 = Debug|Any CPU
		{EABD7EE9-5865-4B73-D81D-9793CD9F00D6}.Release|Any CPU.ActiveCfg = Release|Any CPU
		{EABD7EE9-5865-4B73-D81D-9793CD9F00D6}.Release|Any CPU.Build.0 = Release|Any CPU
		{CC95970D-4D1B-106E-1340-4BDBD838767D}.Debug|Any CPU.ActiveCfg = Debug|Any CPU
		{CC95970D-4D1B-106E-1340-4BDBD838767D}.Debug|Any CPU.Build.0 = Debug|Any CPU
		{CC95970D-4D1B-106E-1340-4BDBD838767D}.Release|Any CPU.ActiveCfg = Release|Any CPU
		{CC95970D-4D1B-106E-1340-4BDBD838767D}.Release|Any CPU.Build.0 = Release|Any CPU
		{8D9B0E98-FBBC-5DAC-C132-88BCC02170B5}.Debug|Any CPU.ActiveCfg = Debug|Any CPU
		{8D9B0E98-FBBC-5DAC-C132-88BCC02170B5}.Debug|Any CPU.Build.0 = Debug|Any CPU
		{8D9B0E98-FBBC-5DAC-C132-88BCC02170B5}.Release|Any CPU.ActiveCfg = Release|Any CPU
		{8D9B0E98-FBBC-5DAC-C132-88BCC02170B5}.Release|Any CPU.Build.0 = Release|Any CPU
		{5C514FC9-85B7-AD14-B485-1CA358472FDC}.Debug|Any CPU.ActiveCfg = Debug|Any CPU
		{5C514FC9-85B7-AD14-B485-1CA358472FDC}.Debug|Any CPU.Build.0 = Debug|Any CPU
		{5C514FC9-85B7-AD14-B485-1CA358472FDC}.Release|Any CPU.ActiveCfg = Release|Any CPU
		{5C514FC9-85B7-AD14-B485-1CA358472FDC}.Release|Any CPU.Build.0 = Release|Any CPU
		{957A084F-4FD9-42F6-092E-AAC18F28D07B}.Debug|Any CPU.ActiveCfg = Debug|Any CPU
		{957A084F-4FD9-42F6-092E-AAC18F28D07B}.Debug|Any CPU.Build.0 = Debug|Any CPU
		{957A084F-4FD9-42F6-092E-AAC18F28D07B}.Release|Any CPU.ActiveCfg = Release|Any CPU
		{957A084F-4FD9-42F6-092E-AAC18F28D07B}.Release|Any CPU.Build.0 = Release|Any CPU
		{8B33D365-40F8-BBD4-30CF-0B120AE5FA33}.Debug|Any CPU.ActiveCfg = Debug|Any CPU
		{8B33D365-40F8-BBD4-30CF-0B120AE5FA33}.Debug|Any CPU.Build.0 = Debug|Any CPU
		{8B33D365-40F8-BBD4-30CF-0B120AE5FA33}.Release|Any CPU.ActiveCfg = Release|Any CPU
		{8B33D365-40F8-BBD4-30CF-0B120AE5FA33}.Release|Any CPU.Build.0 = Release|Any CPU
		{E1AB1094-AFB4-7899-F780-0ABD3878C479}.Debug|Any CPU.ActiveCfg = Debug|Any CPU
		{E1AB1094-AFB4-7899-F780-0ABD3878C479}.Debug|Any CPU.Build.0 = Debug|Any CPU
		{E1AB1094-AFB4-7899-F780-0ABD3878C479}.Release|Any CPU.ActiveCfg = Release|Any CPU
		{E1AB1094-AFB4-7899-F780-0ABD3878C479}.Release|Any CPU.Build.0 = Release|Any CPU
		{BA55C252-6B0D-3CAC-49F0-48BF9EA95A0F}.Debug|Any CPU.ActiveCfg = Debug|Any CPU
		{BA55C252-6B0D-3CAC-49F0-48BF9EA95A0F}.Debug|Any CPU.Build.0 = Debug|Any CPU
		{BA55C252-6B0D-3CAC-49F0-48BF9EA95A0F}.Release|Any CPU.ActiveCfg = Release|Any CPU
		{BA55C252-6B0D-3CAC-49F0-48BF9EA95A0F}.Release|Any CPU.Build.0 = Release|Any CPU
		{6FB1247F-F557-CC75-D4FF-02A131F93986}.Debug|Any CPU.ActiveCfg = Debug|Any CPU
		{6FB1247F-F557-CC75-D4FF-02A131F93986}.Debug|Any CPU.Build.0 = Debug|Any CPU
		{6FB1247F-F557-CC75-D4FF-02A131F93986}.Release|Any CPU.ActiveCfg = Release|Any CPU
		{6FB1247F-F557-CC75-D4FF-02A131F93986}.Release|Any CPU.Build.0 = Release|Any CPU
		{4040C81C-0E11-09F8-D0E1-F2EB4C96C2F6}.Debug|Any CPU.ActiveCfg = Debug|Any CPU
		{4040C81C-0E11-09F8-D0E1-F2EB4C96C2F6}.Debug|Any CPU.Build.0 = Debug|Any CPU
		{4040C81C-0E11-09F8-D0E1-F2EB4C96C2F6}.Release|Any CPU.ActiveCfg = Release|Any CPU
		{4040C81C-0E11-09F8-D0E1-F2EB4C96C2F6}.Release|Any CPU.Build.0 = Release|Any CPU
		{C4F6D4D5-866A-0420-9E12-08038C102035}.Debug|Any CPU.ActiveCfg = Debug|Any CPU
		{C4F6D4D5-866A-0420-9E12-08038C102035}.Debug|Any CPU.Build.0 = Debug|Any CPU
		{C4F6D4D5-866A-0420-9E12-08038C102035}.Release|Any CPU.ActiveCfg = Release|Any CPU
		{C4F6D4D5-866A-0420-9E12-08038C102035}.Release|Any CPU.Build.0 = Release|Any CPU
		{8C30E38C-B516-B6A6-E026-9CE7FA32CC78}.Debug|Any CPU.ActiveCfg = Debug|Any CPU
		{8C30E38C-B516-B6A6-E026-9CE7FA32CC78}.Debug|Any CPU.Build.0 = Debug|Any CPU
		{8C30E38C-B516-B6A6-E026-9CE7FA32CC78}.Release|Any CPU.ActiveCfg = Release|Any CPU
		{8C30E38C-B516-B6A6-E026-9CE7FA32CC78}.Release|Any CPU.Build.0 = Release|Any CPU
		{9BFBD141-9AFE-537E-F0E2-F30234A46867}.Debug|Any CPU.ActiveCfg = Debug|Any CPU
		{9BFBD141-9AFE-537E-F0E2-F30234A46867}.Debug|Any CPU.Build.0 = Debug|Any CPU
		{9BFBD141-9AFE-537E-F0E2-F30234A46867}.Release|Any CPU.ActiveCfg = Release|Any CPU
		{9BFBD141-9AFE-537E-F0E2-F30234A46867}.Release|Any CPU.Build.0 = Release|Any CPU
		{8C065761-67D4-3A89-C7ED-FBA16AFB4857}.Debug|Any CPU.ActiveCfg = Debug|Any CPU
		{8C065761-67D4-3A89-C7ED-FBA16AFB4857}.Debug|Any CPU.Build.0 = Debug|Any CPU
		{8C065761-67D4-3A89-C7ED-FBA16AFB4857}.Release|Any CPU.ActiveCfg = Release|Any CPU
		{8C065761-67D4-3A89-C7ED-FBA16AFB4857}.Release|Any CPU.Build.0 = Release|Any CPU
		{758AB851-E71D-5D46-26B0-E523083AA0B0}.Debug|Any CPU.ActiveCfg = Debug|Any CPU
		{758AB851-E71D-5D46-26B0-E523083AA0B0}.Debug|Any CPU.Build.0 = Debug|Any CPU
		{758AB851-E71D-5D46-26B0-E523083AA0B0}.Release|Any CPU.ActiveCfg = Release|Any CPU
		{758AB851-E71D-5D46-26B0-E523083AA0B0}.Release|Any CPU.Build.0 = Release|Any CPU
		{95C75197-BE90-DD84-0DCD-FE1F7B4165F4}.Debug|Any CPU.ActiveCfg = Debug|Any CPU
		{95C75197-BE90-DD84-0DCD-FE1F7B4165F4}.Debug|Any CPU.Build.0 = Debug|Any CPU
		{95C75197-BE90-DD84-0DCD-FE1F7B4165F4}.Release|Any CPU.ActiveCfg = Release|Any CPU
		{95C75197-BE90-DD84-0DCD-FE1F7B4165F4}.Release|Any CPU.Build.0 = Release|Any CPU
		{09F2D0D6-5C9C-2BB5-7554-05C11DB4192F}.Debug|Any CPU.ActiveCfg = Debug|Any CPU
		{09F2D0D6-5C9C-2BB5-7554-05C11DB4192F}.Debug|Any CPU.Build.0 = Debug|Any CPU
		{09F2D0D6-5C9C-2BB5-7554-05C11DB4192F}.Release|Any CPU.ActiveCfg = Release|Any CPU
		{09F2D0D6-5C9C-2BB5-7554-05C11DB4192F}.Release|Any CPU.Build.0 = Release|Any CPU
		{52A6F834-26D9-08A6-074B-AA8B2A06E3C2}.Debug|Any CPU.ActiveCfg = Debug|Any CPU
		{52A6F834-26D9-08A6-074B-AA8B2A06E3C2}.Debug|Any CPU.Build.0 = Debug|Any CPU
		{52A6F834-26D9-08A6-074B-AA8B2A06E3C2}.Release|Any CPU.ActiveCfg = Release|Any CPU
		{52A6F834-26D9-08A6-074B-AA8B2A06E3C2}.Release|Any CPU.Build.0 = Release|Any CPU
		{72695D9B-8FB1-953E-9813-33E3AF26A258}.Debug|Any CPU.ActiveCfg = Debug|Any CPU
		{72695D9B-8FB1-953E-9813-33E3AF26A258}.Debug|Any CPU.Build.0 = Debug|Any CPU
		{72695D9B-8FB1-953E-9813-33E3AF26A258}.Release|Any CPU.ActiveCfg = Release|Any CPU
		{72695D9B-8FB1-953E-9813-33E3AF26A258}.Release|Any CPU.Build.0 = Release|Any CPU
		{5381DBCB-AB65-33CB-B2E9-64C121B2FBEC}.Debug|Any CPU.ActiveCfg = Debug|Any CPU
		{5381DBCB-AB65-33CB-B2E9-64C121B2FBEC}.Debug|Any CPU.Build.0 = Debug|Any CPU
		{5381DBCB-AB65-33CB-B2E9-64C121B2FBEC}.Release|Any CPU.ActiveCfg = Release|Any CPU
		{5381DBCB-AB65-33CB-B2E9-64C121B2FBEC}.Release|Any CPU.Build.0 = Release|Any CPU
		{280F4F79-6411-3079-AACB-7C7353FDCC71}.Debug|Any CPU.ActiveCfg = Debug|Any CPU
		{280F4F79-6411-3079-AACB-7C7353FDCC71}.Debug|Any CPU.Build.0 = Debug|Any CPU
		{280F4F79-6411-3079-AACB-7C7353FDCC71}.Release|Any CPU.ActiveCfg = Release|Any CPU
		{280F4F79-6411-3079-AACB-7C7353FDCC71}.Release|Any CPU.Build.0 = Release|Any CPU
	EndGlobalSection
	GlobalSection(SolutionProperties) = preSolution
		HideSolutionNode = FALSE
	EndGlobalSection
EndGlobal
